// !$*UTF8*$!
{
	archiveVersion = 1;
	classes = {
	};
	objectVersion = 55;
	objects = {

/* Begin PBXBuildFile section */
		2CBCD7A092254568111B5295 /* Pods_LabTest.framework in Frameworks */ = {isa = PBXBuildFile; fileRef = 0A2FE600F8A324FC1B572CDC /* Pods_LabTest.framework */; };
		8902A62D2B56206815C274A8 /* Pods_LabTestTests.framework in Frameworks */ = {isa = PBXBuildFile; fileRef = B1FD9D35E8AB756A6531D506 /* Pods_LabTestTests.framework */; };
		A7E1200927E719D700F050A9 /* AppDelegate.swift in Sources */ = {isa = PBXBuildFile; fileRef = A7E1200827E719D700F050A9 /* AppDelegate.swift */; };
		A7E1200B27E719D700F050A9 /* SceneDelegate.swift in Sources */ = {isa = PBXBuildFile; fileRef = A7E1200A27E719D700F050A9 /* SceneDelegate.swift */; };
		A7E1200D27E719D700F050A9 /* ViewController.swift in Sources */ = {isa = PBXBuildFile; fileRef = A7E1200C27E719D700F050A9 /* ViewController.swift */; };
		A7E1201027E719D700F050A9 /* Main.storyboard in Resources */ = {isa = PBXBuildFile; fileRef = A7E1200E27E719D700F050A9 /* Main.storyboard */; };
		A7E1201227E719DA00F050A9 /* Assets.xcassets in Resources */ = {isa = PBXBuildFile; fileRef = A7E1201127E719DA00F050A9 /* Assets.xcassets */; };
		A7E1201527E719DA00F050A9 /* LaunchScreen.storyboard in Resources */ = {isa = PBXBuildFile; fileRef = A7E1201327E719DA00F050A9 /* LaunchScreen.storyboard */; };
		A7E1202027E719DB00F050A9 /* LabTestTests.swift in Sources */ = {isa = PBXBuildFile; fileRef = A7E1201F27E719DB00F050A9 /* LabTestTests.swift */; };
		A7E1202A27E719DB00F050A9 /* LabTestUITests.swift in Sources */ = {isa = PBXBuildFile; fileRef = A7E1202927E719DB00F050A9 /* LabTestUITests.swift */; };
		A7E1202C27E719DB00F050A9 /* LabTestUITestsLaunchTests.swift in Sources */ = {isa = PBXBuildFile; fileRef = A7E1202B27E719DB00F050A9 /* LabTestUITestsLaunchTests.swift */; };
		A7E1204627E71D5500F050A9 /* BaseViewController.swift in Sources */ = {isa = PBXBuildFile; fileRef = A7E1204127E71D5400F050A9 /* BaseViewController.swift */; };
		A7E1204727E71D5500F050A9 /* BaseViewModel.swift in Sources */ = {isa = PBXBuildFile; fileRef = A7E1204227E71D5400F050A9 /* BaseViewModel.swift */; };
		A7E1204827E71D5500F050A9 /* BaseNavigationController.swift in Sources */ = {isa = PBXBuildFile; fileRef = A7E1204327E71D5400F050A9 /* BaseNavigationController.swift */; };
		A7E1204A27E71D5500F050A9 /* ApiLoading.swift in Sources */ = {isa = PBXBuildFile; fileRef = A7E1204527E71D5500F050A9 /* ApiLoading.swift */; };
		A7E1204F27E7201A00F050A9 /* LoadingManager.swift in Sources */ = {isa = PBXBuildFile; fileRef = A7E1204D27E7201A00F050A9 /* LoadingManager.swift */; };
		A7E1205027E7201A00F050A9 /* MsgManager.swift in Sources */ = {isa = PBXBuildFile; fileRef = A7E1204E27E7201A00F050A9 /* MsgManager.swift */; };
		A7E1205527E7204F00F050A9 /* MsgView.xib in Resources */ = {isa = PBXBuildFile; fileRef = A7E1205127E7204E00F050A9 /* MsgView.xib */; };
		A7E1205627E7204F00F050A9 /* MsgView.swift in Sources */ = {isa = PBXBuildFile; fileRef = A7E1205227E7204E00F050A9 /* MsgView.swift */; };
		A7E1205727E7204F00F050A9 /* LoadingView.swift in Sources */ = {isa = PBXBuildFile; fileRef = A7E1205327E7204E00F050A9 /* LoadingView.swift */; };
		A7E1205827E7204F00F050A9 /* LoadingView.xib in Resources */ = {isa = PBXBuildFile; fileRef = A7E1205427E7204F00F050A9 /* LoadingView.xib */; };
		A7E1205F27E722B700F050A9 /* PostListVC.xib in Resources */ = {isa = PBXBuildFile; fileRef = A7E1205E27E722B700F050A9 /* PostListVC.xib */; };
		A7E1206127E722BE00F050A9 /* PostListVC.swift in Sources */ = {isa = PBXBuildFile; fileRef = A7E1206027E722BE00F050A9 /* PostListVC.swift */; };
		A7E1206627E7244100F050A9 /* APIServiceModel.swift in Sources */ = {isa = PBXBuildFile; fileRef = A7E1206327E7244100F050A9 /* APIServiceModel.swift */; };
		A7E1206727E7244100F050A9 /* APIService.swift in Sources */ = {isa = PBXBuildFile; fileRef = A7E1206427E7244100F050A9 /* APIService.swift */; };
		A7E1206827E7244100F050A9 /* APIServiceError.swift in Sources */ = {isa = PBXBuildFile; fileRef = A7E1206527E7244100F050A9 /* APIServiceError.swift */; };
		A7E1206B27E7297400F050A9 /* PostVM.swift in Sources */ = {isa = PBXBuildFile; fileRef = A7E1206A27E7297400F050A9 /* PostVM.swift */; };
		A7E1207527E72C0500F050A9 /* String+Extension.swift in Sources */ = {isa = PBXBuildFile; fileRef = A7E1207427E72C0500F050A9 /* String+Extension.swift */; };
		A7E1207827E72DE100F050A9 /* PostListResponse.swift in Sources */ = {isa = PBXBuildFile; fileRef = A7E1207727E72DE100F050A9 /* PostListResponse.swift */; };
		A7E1207B27E72FAB00F050A9 /* PostListRequest.swift in Sources */ = {isa = PBXBuildFile; fileRef = A7E1207A27E72FAB00F050A9 /* PostListRequest.swift */; };
		A7E1207E27E72FDC00F050A9 /* BaseResponse.swift in Sources */ = {isa = PBXBuildFile; fileRef = A7E1207D27E72FDC00F050A9 /* BaseResponse.swift */; };
		A7E1208027E739F100F050A9 /* Constant.swift in Sources */ = {isa = PBXBuildFile; fileRef = A7E1207F27E739F100F050A9 /* Constant.swift */; };
		A7E1208227E73DE000F050A9 /* ImageLoadingHelper.swift in Sources */ = {isa = PBXBuildFile; fileRef = A7E1208127E73DE000F050A9 /* ImageLoadingHelper.swift */; };
		A7E1208627E7426900F050A9 /* ImagePopUpView.xib in Resources */ = {isa = PBXBuildFile; fileRef = A7E1208527E7426900F050A9 /* ImagePopUpView.xib */; };
		A7E1208827E7427100F050A9 /* ImagePopUpView.swift in Sources */ = {isa = PBXBuildFile; fileRef = A7E1208727E7427100F050A9 /* ImagePopUpView.swift */; };
		A7E1208A27E76A0500F050A9 /* loading.gif in Resources */ = {isa = PBXBuildFile; fileRef = A7E1208927E76A0500F050A9 /* loading.gif */; };
		A7E8AA3A83E75FE42141339A /* Pods_LabTestUITests.framework in Frameworks */ = {isa = PBXBuildFile; fileRef = 11B2D64C7F54506987500402 /* Pods_LabTestUITests.framework */; };
		F695D2DE287464F3004D314B /* UserStorage.swift in Sources */ = {isa = PBXBuildFile; fileRef = F695D2DD287464F3004D314B /* UserStorage.swift */; };
		F695D2E12875298E004D314B /* PostCell.swift in Sources */ = {isa = PBXBuildFile; fileRef = F695D2DF2875298E004D314B /* PostCell.swift */; };
		F695D2E22875298E004D314B /* PostCell.xib in Resources */ = {isa = PBXBuildFile; fileRef = F695D2E02875298E004D314B /* PostCell.xib */; };
		F695D2E428752A89004D314B /* UIView+Extension.swift in Sources */ = {isa = PBXBuildFile; fileRef = F695D2E328752A89004D314B /* UIView+Extension.swift */; };
		F6F8F18828760083009E09BB /* UICollectionViewCell+Extension.swift in Sources */ = {isa = PBXBuildFile; fileRef = F6F8F18728760083009E09BB /* UICollectionViewCell+Extension.swift */; };
/* End PBXBuildFile section */

/* Begin PBXContainerItemProxy section */
		A7E1201C27E719DB00F050A9 /* PBXContainerItemProxy */ = {
			isa = PBXContainerItemProxy;
			containerPortal = A7E11FFD27E719D700F050A9 /* Project object */;
			proxyType = 1;
			remoteGlobalIDString = A7E1200427E719D700F050A9;
			remoteInfo = LabTest;
		};
		A7E1202627E719DB00F050A9 /* PBXContainerItemProxy */ = {
			isa = PBXContainerItemProxy;
			containerPortal = A7E11FFD27E719D700F050A9 /* Project object */;
			proxyType = 1;
			remoteGlobalIDString = A7E1200427E719D700F050A9;
			remoteInfo = LabTest;
		};
/* End PBXContainerItemProxy section */

/* Begin PBXFileReference section */
		0A2FE600F8A324FC1B572CDC /* Pods_LabTest.framework */ = {isa = PBXFileReference; explicitFileType = wrapper.framework; includeInIndex = 0; path = Pods_LabTest.framework; sourceTree = BUILT_PRODUCTS_DIR; };
		11B2D64C7F54506987500402 /* Pods_LabTestUITests.framework */ = {isa = PBXFileReference; explicitFileType = wrapper.framework; includeInIndex = 0; path = Pods_LabTestUITests.framework; sourceTree = BUILT_PRODUCTS_DIR; };
		156C683195ABAFC0AD7FD705 /* Pods-LabTestUITests.debug.xcconfig */ = {isa = PBXFileReference; includeInIndex = 1; lastKnownFileType = text.xcconfig; name = "Pods-LabTestUITests.debug.xcconfig"; path = "Target Support Files/Pods-LabTestUITests/Pods-LabTestUITests.debug.xcconfig"; sourceTree = "<group>"; };
		305F6389597905CD30CEDEB9 /* Pods-LabTest-LabTestUITests.release.xcconfig */ = {isa = PBXFileReference; includeInIndex = 1; lastKnownFileType = text.xcconfig; name = "Pods-LabTest-LabTestUITests.release.xcconfig"; path = "Target Support Files/Pods-LabTest-LabTestUITests/Pods-LabTest-LabTestUITests.release.xcconfig"; sourceTree = "<group>"; };
		3524E9A7C242FF5540D3C35A /* Pods-LabTest.release.xcconfig */ = {isa = PBXFileReference; includeInIndex = 1; lastKnownFileType = text.xcconfig; name = "Pods-LabTest.release.xcconfig"; path = "Target Support Files/Pods-LabTest/Pods-LabTest.release.xcconfig"; sourceTree = "<group>"; };
		3EFBEBC2E8C7A3D7A6F3A018 /* Pods-LabTestUITests.release.xcconfig */ = {isa = PBXFileReference; includeInIndex = 1; lastKnownFileType = text.xcconfig; name = "Pods-LabTestUITests.release.xcconfig"; path = "Target Support Files/Pods-LabTestUITests/Pods-LabTestUITests.release.xcconfig"; sourceTree = "<group>"; };
		6B67436E98CA9B0C9D611E26 /* Pods-LabTest-LabTestUITests.debug.xcconfig */ = {isa = PBXFileReference; includeInIndex = 1; lastKnownFileType = text.xcconfig; name = "Pods-LabTest-LabTestUITests.debug.xcconfig"; path = "Target Support Files/Pods-LabTest-LabTestUITests/Pods-LabTest-LabTestUITests.debug.xcconfig"; sourceTree = "<group>"; };
		7F779CC4AE4D876E63D3BE87 /* Pods-LabTestTests.release.xcconfig */ = {isa = PBXFileReference; includeInIndex = 1; lastKnownFileType = text.xcconfig; name = "Pods-LabTestTests.release.xcconfig"; path = "Target Support Files/Pods-LabTestTests/Pods-LabTestTests.release.xcconfig"; sourceTree = "<group>"; };
		92CCDDA5E03A97657D44F3A4 /* Pods-LabTest.debug.xcconfig */ = {isa = PBXFileReference; includeInIndex = 1; lastKnownFileType = text.xcconfig; name = "Pods-LabTest.debug.xcconfig"; path = "Target Support Files/Pods-LabTest/Pods-LabTest.debug.xcconfig"; sourceTree = "<group>"; };
		97D8D9D216E6FE1372A93D3B /* Pods-LabTestTests.debug.xcconfig */ = {isa = PBXFileReference; includeInIndex = 1; lastKnownFileType = text.xcconfig; name = "Pods-LabTestTests.debug.xcconfig"; path = "Target Support Files/Pods-LabTestTests/Pods-LabTestTests.debug.xcconfig"; sourceTree = "<group>"; };
		A7E1200527E719D700F050A9 /* LabTest.app */ = {isa = PBXFileReference; explicitFileType = wrapper.application; includeInIndex = 0; path = LabTest.app; sourceTree = BUILT_PRODUCTS_DIR; };
		A7E1200827E719D700F050A9 /* AppDelegate.swift */ = {isa = PBXFileReference; lastKnownFileType = sourcecode.swift; path = AppDelegate.swift; sourceTree = "<group>"; };
		A7E1200A27E719D700F050A9 /* SceneDelegate.swift */ = {isa = PBXFileReference; lastKnownFileType = sourcecode.swift; path = SceneDelegate.swift; sourceTree = "<group>"; };
		A7E1200C27E719D700F050A9 /* ViewController.swift */ = {isa = PBXFileReference; lastKnownFileType = sourcecode.swift; path = ViewController.swift; sourceTree = "<group>"; };
		A7E1200F27E719D700F050A9 /* Base */ = {isa = PBXFileReference; lastKnownFileType = file.storyboard; name = Base; path = Base.lproj/Main.storyboard; sourceTree = "<group>"; };
		A7E1201127E719DA00F050A9 /* Assets.xcassets */ = {isa = PBXFileReference; lastKnownFileType = folder.assetcatalog; path = Assets.xcassets; sourceTree = "<group>"; };
		A7E1201427E719DA00F050A9 /* Base */ = {isa = PBXFileReference; lastKnownFileType = file.storyboard; name = Base; path = Base.lproj/LaunchScreen.storyboard; sourceTree = "<group>"; };
		A7E1201627E719DA00F050A9 /* Info.plist */ = {isa = PBXFileReference; lastKnownFileType = text.plist.xml; path = Info.plist; sourceTree = "<group>"; };
		A7E1201B27E719DB00F050A9 /* LabTestTests.xctest */ = {isa = PBXFileReference; explicitFileType = wrapper.cfbundle; includeInIndex = 0; path = LabTestTests.xctest; sourceTree = BUILT_PRODUCTS_DIR; };
		A7E1201F27E719DB00F050A9 /* LabTestTests.swift */ = {isa = PBXFileReference; lastKnownFileType = sourcecode.swift; path = LabTestTests.swift; sourceTree = "<group>"; };
		A7E1202527E719DB00F050A9 /* LabTestUITests.xctest */ = {isa = PBXFileReference; explicitFileType = wrapper.cfbundle; includeInIndex = 0; path = LabTestUITests.xctest; sourceTree = BUILT_PRODUCTS_DIR; };
		A7E1202927E719DB00F050A9 /* LabTestUITests.swift */ = {isa = PBXFileReference; lastKnownFileType = sourcecode.swift; path = LabTestUITests.swift; sourceTree = "<group>"; };
		A7E1202B27E719DB00F050A9 /* LabTestUITestsLaunchTests.swift */ = {isa = PBXFileReference; lastKnownFileType = sourcecode.swift; path = LabTestUITestsLaunchTests.swift; sourceTree = "<group>"; };
		A7E1204127E71D5400F050A9 /* BaseViewController.swift */ = {isa = PBXFileReference; fileEncoding = 4; lastKnownFileType = sourcecode.swift; path = BaseViewController.swift; sourceTree = "<group>"; };
		A7E1204227E71D5400F050A9 /* BaseViewModel.swift */ = {isa = PBXFileReference; fileEncoding = 4; lastKnownFileType = sourcecode.swift; path = BaseViewModel.swift; sourceTree = "<group>"; };
		A7E1204327E71D5400F050A9 /* BaseNavigationController.swift */ = {isa = PBXFileReference; fileEncoding = 4; lastKnownFileType = sourcecode.swift; path = BaseNavigationController.swift; sourceTree = "<group>"; };
		A7E1204527E71D5500F050A9 /* ApiLoading.swift */ = {isa = PBXFileReference; fileEncoding = 4; lastKnownFileType = sourcecode.swift; path = ApiLoading.swift; sourceTree = "<group>"; };
		A7E1204D27E7201A00F050A9 /* LoadingManager.swift */ = {isa = PBXFileReference; fileEncoding = 4; lastKnownFileType = sourcecode.swift; path = LoadingManager.swift; sourceTree = "<group>"; };
		A7E1204E27E7201A00F050A9 /* MsgManager.swift */ = {isa = PBXFileReference; fileEncoding = 4; lastKnownFileType = sourcecode.swift; path = MsgManager.swift; sourceTree = "<group>"; };
		A7E1205127E7204E00F050A9 /* MsgView.xib */ = {isa = PBXFileReference; fileEncoding = 4; lastKnownFileType = file.xib; path = MsgView.xib; sourceTree = "<group>"; };
		A7E1205227E7204E00F050A9 /* MsgView.swift */ = {isa = PBXFileReference; fileEncoding = 4; lastKnownFileType = sourcecode.swift; path = MsgView.swift; sourceTree = "<group>"; };
		A7E1205327E7204E00F050A9 /* LoadingView.swift */ = {isa = PBXFileReference; fileEncoding = 4; lastKnownFileType = sourcecode.swift; path = LoadingView.swift; sourceTree = "<group>"; };
		A7E1205427E7204F00F050A9 /* LoadingView.xib */ = {isa = PBXFileReference; fileEncoding = 4; lastKnownFileType = file.xib; path = LoadingView.xib; sourceTree = "<group>"; };
		A7E1205E27E722B700F050A9 /* PostListVC.xib */ = {isa = PBXFileReference; lastKnownFileType = file.xib; path = PostListVC.xib; sourceTree = "<group>"; };
		A7E1206027E722BE00F050A9 /* PostListVC.swift */ = {isa = PBXFileReference; lastKnownFileType = sourcecode.swift; path = PostListVC.swift; sourceTree = "<group>"; };
		A7E1206327E7244100F050A9 /* APIServiceModel.swift */ = {isa = PBXFileReference; fileEncoding = 4; lastKnownFileType = sourcecode.swift; path = APIServiceModel.swift; sourceTree = "<group>"; };
		A7E1206427E7244100F050A9 /* APIService.swift */ = {isa = PBXFileReference; fileEncoding = 4; lastKnownFileType = sourcecode.swift; path = APIService.swift; sourceTree = "<group>"; };
		A7E1206527E7244100F050A9 /* APIServiceError.swift */ = {isa = PBXFileReference; fileEncoding = 4; lastKnownFileType = sourcecode.swift; path = APIServiceError.swift; sourceTree = "<group>"; };
		A7E1206A27E7297400F050A9 /* PostVM.swift */ = {isa = PBXFileReference; lastKnownFileType = sourcecode.swift; path = PostVM.swift; sourceTree = "<group>"; };
		A7E1207427E72C0500F050A9 /* String+Extension.swift */ = {isa = PBXFileReference; lastKnownFileType = sourcecode.swift; path = "String+Extension.swift"; sourceTree = "<group>"; };
		A7E1207727E72DE100F050A9 /* PostListResponse.swift */ = {isa = PBXFileReference; lastKnownFileType = sourcecode.swift; path = PostListResponse.swift; sourceTree = "<group>"; };
		A7E1207A27E72FAB00F050A9 /* PostListRequest.swift */ = {isa = PBXFileReference; lastKnownFileType = sourcecode.swift; path = PostListRequest.swift; sourceTree = "<group>"; };
		A7E1207D27E72FDC00F050A9 /* BaseResponse.swift */ = {isa = PBXFileReference; lastKnownFileType = sourcecode.swift; path = BaseResponse.swift; sourceTree = "<group>"; };
		A7E1207F27E739F100F050A9 /* Constant.swift */ = {isa = PBXFileReference; lastKnownFileType = sourcecode.swift; path = Constant.swift; sourceTree = "<group>"; };
		A7E1208127E73DE000F050A9 /* ImageLoadingHelper.swift */ = {isa = PBXFileReference; lastKnownFileType = sourcecode.swift; path = ImageLoadingHelper.swift; sourceTree = "<group>"; };
		A7E1208527E7426900F050A9 /* ImagePopUpView.xib */ = {isa = PBXFileReference; lastKnownFileType = file.xib; path = ImagePopUpView.xib; sourceTree = "<group>"; };
		A7E1208727E7427100F050A9 /* ImagePopUpView.swift */ = {isa = PBXFileReference; lastKnownFileType = sourcecode.swift; path = ImagePopUpView.swift; sourceTree = "<group>"; };
		A7E1208927E76A0500F050A9 /* loading.gif */ = {isa = PBXFileReference; lastKnownFileType = image.gif; path = loading.gif; sourceTree = "<group>"; };
		B1FD9D35E8AB756A6531D506 /* Pods_LabTestTests.framework */ = {isa = PBXFileReference; explicitFileType = wrapper.framework; includeInIndex = 0; path = Pods_LabTestTests.framework; sourceTree = BUILT_PRODUCTS_DIR; };
		F695D2DD287464F3004D314B /* UserStorage.swift */ = {isa = PBXFileReference; lastKnownFileType = sourcecode.swift; path = UserStorage.swift; sourceTree = "<group>"; };
		F695D2DF2875298E004D314B /* PostCell.swift */ = {isa = PBXFileReference; lastKnownFileType = sourcecode.swift; path = PostCell.swift; sourceTree = "<group>"; };
		F695D2E02875298E004D314B /* PostCell.xib */ = {isa = PBXFileReference; lastKnownFileType = file.xib; path = PostCell.xib; sourceTree = "<group>"; };
		F695D2E328752A89004D314B /* UIView+Extension.swift */ = {isa = PBXFileReference; lastKnownFileType = sourcecode.swift; path = "UIView+Extension.swift"; sourceTree = "<group>"; };
		F6F8F18728760083009E09BB /* UICollectionViewCell+Extension.swift */ = {isa = PBXFileReference; lastKnownFileType = sourcecode.swift; path = "UICollectionViewCell+Extension.swift"; sourceTree = "<group>"; };
/* End PBXFileReference section */

/* Begin PBXFrameworksBuildPhase section */
		A7E1200227E719D700F050A9 /* Frameworks */ = {
			isa = PBXFrameworksBuildPhase;
			buildActionMask = 2147483647;
			files = (
				2CBCD7A092254568111B5295 /* Pods_LabTest.framework in Frameworks */,
			);
			runOnlyForDeploymentPostprocessing = 0;
		};
		A7E1201827E719DB00F050A9 /* Frameworks */ = {
			isa = PBXFrameworksBuildPhase;
			buildActionMask = 2147483647;
			files = (
				8902A62D2B56206815C274A8 /* Pods_LabTestTests.framework in Frameworks */,
			);
			runOnlyForDeploymentPostprocessing = 0;
		};
		A7E1202227E719DB00F050A9 /* Frameworks */ = {
			isa = PBXFrameworksBuildPhase;
			buildActionMask = 2147483647;
			files = (
				A7E8AA3A83E75FE42141339A /* Pods_LabTestUITests.framework in Frameworks */,
			);
			runOnlyForDeploymentPostprocessing = 0;
		};
/* End PBXFrameworksBuildPhase section */

/* Begin PBXGroup section */
		1A684F25557D333AC2B5C41B /* Frameworks */ = {
			isa = PBXGroup;
			children = (
				0A2FE600F8A324FC1B572CDC /* Pods_LabTest.framework */,
				B1FD9D35E8AB756A6531D506 /* Pods_LabTestTests.framework */,
				11B2D64C7F54506987500402 /* Pods_LabTestUITests.framework */,
			);
			name = Frameworks;
			sourceTree = "<group>";
		};
		3A5C9105530221A85F6CD769 /* Pods */ = {
			isa = PBXGroup;
			children = (
				92CCDDA5E03A97657D44F3A4 /* Pods-LabTest.debug.xcconfig */,
				3524E9A7C242FF5540D3C35A /* Pods-LabTest.release.xcconfig */,
				6B67436E98CA9B0C9D611E26 /* Pods-LabTest-LabTestUITests.debug.xcconfig */,
				305F6389597905CD30CEDEB9 /* Pods-LabTest-LabTestUITests.release.xcconfig */,
				97D8D9D216E6FE1372A93D3B /* Pods-LabTestTests.debug.xcconfig */,
				7F779CC4AE4D876E63D3BE87 /* Pods-LabTestTests.release.xcconfig */,
				156C683195ABAFC0AD7FD705 /* Pods-LabTestUITests.debug.xcconfig */,
				3EFBEBC2E8C7A3D7A6F3A018 /* Pods-LabTestUITests.release.xcconfig */,
			);
			path = Pods;
			sourceTree = "<group>";
		};
		A7E11FFC27E719D700F050A9 = {
			isa = PBXGroup;
			children = (
				A7E1200727E719D700F050A9 /* LabTest */,
				A7E1201E27E719DB00F050A9 /* LabTestTests */,
				A7E1202827E719DB00F050A9 /* LabTestUITests */,
				A7E1200627E719D700F050A9 /* Products */,
				3A5C9105530221A85F6CD769 /* Pods */,
				1A684F25557D333AC2B5C41B /* Frameworks */,
			);
			sourceTree = "<group>";
		};
		A7E1200627E719D700F050A9 /* Products */ = {
			isa = PBXGroup;
			children = (
				A7E1200527E719D700F050A9 /* LabTest.app */,
				A7E1201B27E719DB00F050A9 /* LabTestTests.xctest */,
				A7E1202527E719DB00F050A9 /* LabTestUITests.xctest */,
			);
			name = Products;
			sourceTree = "<group>";
		};
		A7E1200727E719D700F050A9 /* LabTest */ = {
			isa = PBXGroup;
			children = (
				A7E1206227E7242600F050A9 /* API */,
				A7E1209227E9F44300F050A9 /* AppDelegate */,
				A7E1204027E71D1E00F050A9 /* Base */,
				A7E1204C27E71FF400F050A9 /* Common */,
				A7E1207127E72BB200F050A9 /* Extension */,
				A7E1205D27E722A800F050A9 /* Features */,
				A7E1204B27E71F7E00F050A9 /* Manager */,
				A7E1209127E9F40000F050A9 /* Resources */,
				A7E1200C27E719D700F050A9 /* ViewController.swift */,
				A7E1200E27E719D700F050A9 /* Main.storyboard */,
				A7E1201327E719DA00F050A9 /* LaunchScreen.storyboard */,
				A7E1201627E719DA00F050A9 /* Info.plist */,
			);
			path = LabTest;
			sourceTree = "<group>";
		};
		A7E1201E27E719DB00F050A9 /* LabTestTests */ = {
			isa = PBXGroup;
			children = (
				A7E1201F27E719DB00F050A9 /* LabTestTests.swift */,
			);
			path = LabTestTests;
			sourceTree = "<group>";
		};
		A7E1202827E719DB00F050A9 /* LabTestUITests */ = {
			isa = PBXGroup;
			children = (
				A7E1202927E719DB00F050A9 /* LabTestUITests.swift */,
				A7E1202B27E719DB00F050A9 /* LabTestUITestsLaunchTests.swift */,
			);
			path = LabTestUITests;
			sourceTree = "<group>";
		};
		A7E1204027E71D1E00F050A9 /* Base */ = {
			isa = PBXGroup;
			children = (
				A7E1204527E71D5500F050A9 /* ApiLoading.swift */,
				A7E1204327E71D5400F050A9 /* BaseNavigationController.swift */,
				A7E1204127E71D5400F050A9 /* BaseViewController.swift */,
				A7E1204227E71D5400F050A9 /* BaseViewModel.swift */,
			);
			name = Base;
			sourceTree = "<group>";
		};
		A7E1204B27E71F7E00F050A9 /* Manager */ = {
			isa = PBXGroup;
			children = (
				A7E1208127E73DE000F050A9 /* ImageLoadingHelper.swift */,
				A7E1204D27E7201A00F050A9 /* LoadingManager.swift */,
				A7E1204E27E7201A00F050A9 /* MsgManager.swift */,
				A7E1207F27E739F100F050A9 /* Constant.swift */,
				F695D2DD287464F3004D314B /* UserStorage.swift */,
			);
			name = Manager;
			sourceTree = "<group>";
		};
		A7E1204C27E71FF400F050A9 /* Common */ = {
			isa = PBXGroup;
			children = (
				A7E1207C27E72FCF00F050A9 /* Model */,
				A7E1205327E7204E00F050A9 /* LoadingView.swift */,
				A7E1205427E7204F00F050A9 /* LoadingView.xib */,
				A7E1205227E7204E00F050A9 /* MsgView.swift */,
				A7E1205127E7204E00F050A9 /* MsgView.xib */,
				A7E1208727E7427100F050A9 /* ImagePopUpView.swift */,
				A7E1208527E7426900F050A9 /* ImagePopUpView.xib */,
			);
			name = Common;
			sourceTree = "<group>";
		};
		A7E1205D27E722A800F050A9 /* Features */ = {
			isa = PBXGroup;
			children = (
				A7E1208E27E9F22B00F050A9 /* Post */,
			);
			name = Features;
			sourceTree = "<group>";
		};
		A7E1206227E7242600F050A9 /* API */ = {
			isa = PBXGroup;
			children = (
				A7E1206427E7244100F050A9 /* APIService.swift */,
				A7E1206527E7244100F050A9 /* APIServiceError.swift */,
				A7E1206327E7244100F050A9 /* APIServiceModel.swift */,
				A7E1208F27E9F25600F050A9 /* APIRequest */,
			);
			name = API;
			sourceTree = "<group>";
		};
		A7E1206927E7296600F050A9 /* VM */ = {
			isa = PBXGroup;
			children = (
				A7E1206A27E7297400F050A9 /* PostVM.swift */,
			);
			name = VM;
			sourceTree = "<group>";
		};
		A7E1206C27E729F000F050A9 /* Cell */ = {
			isa = PBXGroup;
			children = (
				F695D2DF2875298E004D314B /* PostCell.swift */,
				F695D2E02875298E004D314B /* PostCell.xib */,
			);
			name = Cell;
			sourceTree = "<group>";
		};
		A7E1207127E72BB200F050A9 /* Extension */ = {
			isa = PBXGroup;
			children = (
				A7E1207427E72C0500F050A9 /* String+Extension.swift */,
				F695D2E328752A89004D314B /* UIView+Extension.swift */,
				F6F8F18728760083009E09BB /* UICollectionViewCell+Extension.swift */,
			);
			name = Extension;
			sourceTree = "<group>";
		};
		A7E1207627E72DD900F050A9 /* Model */ = {
			isa = PBXGroup;
			children = (
				A7E1207727E72DE100F050A9 /* PostListResponse.swift */,
			);
			name = Model;
			sourceTree = "<group>";
		};
		A7E1207C27E72FCF00F050A9 /* Model */ = {
			isa = PBXGroup;
			children = (
				A7E1207D27E72FDC00F050A9 /* BaseResponse.swift */,
			);
			name = Model;
			sourceTree = "<group>";
		};
		A7E1208E27E9F22B00F050A9 /* Post */ = {
			isa = PBXGroup;
			children = (
				A7E1207627E72DD900F050A9 /* Model */,
				A7E1206C27E729F000F050A9 /* Cell */,
				A7E1206927E7296600F050A9 /* VM */,
				A7E1206027E722BE00F050A9 /* PostListVC.swift */,
				A7E1205E27E722B700F050A9 /* PostListVC.xib */,
			);
			name = Post;
			sourceTree = "<group>";
		};
		A7E1208F27E9F25600F050A9 /* APIRequest */ = {
			isa = PBXGroup;
			children = (
				A7E1207A27E72FAB00F050A9 /* PostListRequest.swift */,
			);
			name = APIRequest;
			sourceTree = "<group>";
		};
		A7E1209127E9F40000F050A9 /* Resources */ = {
			isa = PBXGroup;
			children = (
				A7E1208927E76A0500F050A9 /* loading.gif */,
				A7E1201127E719DA00F050A9 /* Assets.xcassets */,
			);
			name = Resources;
			sourceTree = "<group>";
		};
		A7E1209227E9F44300F050A9 /* AppDelegate */ = {
			isa = PBXGroup;
			children = (
				A7E1200827E719D700F050A9 /* AppDelegate.swift */,
				A7E1200A27E719D700F050A9 /* SceneDelegate.swift */,
			);
			name = AppDelegate;
			sourceTree = "<group>";
		};
/* End PBXGroup section */

/* Begin PBXNativeTarget section */
		A7E1200427E719D700F050A9 /* LabTest */ = {
			isa = PBXNativeTarget;
			buildConfigurationList = A7E1202F27E719DB00F050A9 /* Build configuration list for PBXNativeTarget "LabTest" */;
			buildPhases = (
				1F94A34C4FC94BC39DE5BFB0 /* [CP] Check Pods Manifest.lock */,
				A7E1200127E719D700F050A9 /* Sources */,
				A7E1200227E719D700F050A9 /* Frameworks */,
				A7E1200327E719D700F050A9 /* Resources */,
				F7F1E113D3D203E76BAA3C8F /* [CP] Embed Pods Frameworks */,
			);
			buildRules = (
			);
			dependencies = (
			);
			name = LabTest;
			productName = LabTest;
			productReference = A7E1200527E719D700F050A9 /* LabTest.app */;
			productType = "com.apple.product-type.application";
		};
		A7E1201A27E719DB00F050A9 /* LabTestTests */ = {
			isa = PBXNativeTarget;
			buildConfigurationList = A7E1203227E719DB00F050A9 /* Build configuration list for PBXNativeTarget "LabTestTests" */;
			buildPhases = (
				2DAB6963A8967117F5E69F9D /* [CP] Check Pods Manifest.lock */,
				A7E1201727E719DB00F050A9 /* Sources */,
				A7E1201827E719DB00F050A9 /* Frameworks */,
				A7E1201927E719DB00F050A9 /* Resources */,
				923D6F178C1902E22B025664 /* [CP] Embed Pods Frameworks */,
			);
			buildRules = (
			);
			dependencies = (
				A7E1201D27E719DB00F050A9 /* PBXTargetDependency */,
			);
			name = LabTestTests;
			productName = LabTestTests;
			productReference = A7E1201B27E719DB00F050A9 /* LabTestTests.xctest */;
			productType = "com.apple.product-type.bundle.unit-test";
		};
		A7E1202427E719DB00F050A9 /* LabTestUITests */ = {
			isa = PBXNativeTarget;
			buildConfigurationList = A7E1203527E719DB00F050A9 /* Build configuration list for PBXNativeTarget "LabTestUITests" */;
			buildPhases = (
				CDF41D6A985A42A877A0FDC9 /* [CP] Check Pods Manifest.lock */,
				A7E1202127E719DB00F050A9 /* Sources */,
				A7E1202227E719DB00F050A9 /* Frameworks */,
				A7E1202327E719DB00F050A9 /* Resources */,
				6EBF83AE485505656F958FE9 /* [CP] Embed Pods Frameworks */,
			);
			buildRules = (
			);
			dependencies = (
				A7E1202727E719DB00F050A9 /* PBXTargetDependency */,
			);
			name = LabTestUITests;
			productName = LabTestUITests;
			productReference = A7E1202527E719DB00F050A9 /* LabTestUITests.xctest */;
			productType = "com.apple.product-type.bundle.ui-testing";
		};
/* End PBXNativeTarget section */

/* Begin PBXProject section */
		A7E11FFD27E719D700F050A9 /* Project object */ = {
			isa = PBXProject;
			attributes = {
				BuildIndependentTargetsInParallel = 1;
				LastSwiftUpdateCheck = 1310;
				LastUpgradeCheck = 1310;
				TargetAttributes = {
					A7E1200427E719D700F050A9 = {
						CreatedOnToolsVersion = 13.1;
					};
					A7E1201A27E719DB00F050A9 = {
						CreatedOnToolsVersion = 13.1;
						TestTargetID = A7E1200427E719D700F050A9;
					};
					A7E1202427E719DB00F050A9 = {
						CreatedOnToolsVersion = 13.1;
						TestTargetID = A7E1200427E719D700F050A9;
					};
				};
			};
			buildConfigurationList = A7E1200027E719D700F050A9 /* Build configuration list for PBXProject "LabTest" */;
			compatibilityVersion = "Xcode 13.0";
			developmentRegion = en;
			hasScannedForEncodings = 0;
			knownRegions = (
				en,
				Base,
			);
			mainGroup = A7E11FFC27E719D700F050A9;
			productRefGroup = A7E1200627E719D700F050A9 /* Products */;
			projectDirPath = "";
			projectRoot = "";
			targets = (
				A7E1200427E719D700F050A9 /* LabTest */,
				A7E1201A27E719DB00F050A9 /* LabTestTests */,
				A7E1202427E719DB00F050A9 /* LabTestUITests */,
			);
		};
/* End PBXProject section */

/* Begin PBXResourcesBuildPhase section */
		A7E1200327E719D700F050A9 /* Resources */ = {
			isa = PBXResourcesBuildPhase;
			buildActionMask = 2147483647;
			files = (
				A7E1208627E7426900F050A9 /* ImagePopUpView.xib in Resources */,
				A7E1205F27E722B700F050A9 /* PostListVC.xib in Resources */,
				A7E1201527E719DA00F050A9 /* LaunchScreen.storyboard in Resources */,
				A7E1201227E719DA00F050A9 /* Assets.xcassets in Resources */,
				A7E1205527E7204F00F050A9 /* MsgView.xib in Resources */,
				A7E1201027E719D700F050A9 /* Main.storyboard in Resources */,
				A7E1208A27E76A0500F050A9 /* loading.gif in Resources */,
				F695D2E22875298E004D314B /* PostCell.xib in Resources */,
				A7E1205827E7204F00F050A9 /* LoadingView.xib in Resources */,
			);
			runOnlyForDeploymentPostprocessing = 0;
		};
		A7E1201927E719DB00F050A9 /* Resources */ = {
			isa = PBXResourcesBuildPhase;
			buildActionMask = 2147483647;
			files = (
			);
			runOnlyForDeploymentPostprocessing = 0;
		};
		A7E1202327E719DB00F050A9 /* Resources */ = {
			isa = PBXResourcesBuildPhase;
			buildActionMask = 2147483647;
			files = (
			);
			runOnlyForDeploymentPostprocessing = 0;
		};
/* End PBXResourcesBuildPhase section */

/* Begin PBXShellScriptBuildPhase section */
		1F94A34C4FC94BC39DE5BFB0 /* [CP] Check Pods Manifest.lock */ = {
			isa = PBXShellScriptBuildPhase;
			buildActionMask = 2147483647;
			files = (
			);
			inputFileListPaths = (
			);
			inputPaths = (
				"${PODS_PODFILE_DIR_PATH}/Podfile.lock",
				"${PODS_ROOT}/Manifest.lock",
			);
			name = "[CP] Check Pods Manifest.lock";
			outputFileListPaths = (
			);
			outputPaths = (
				"$(DERIVED_FILE_DIR)/Pods-LabTest-checkManifestLockResult.txt",
			);
			runOnlyForDeploymentPostprocessing = 0;
			shellPath = /bin/sh;
			shellScript = "diff \"${PODS_PODFILE_DIR_PATH}/Podfile.lock\" \"${PODS_ROOT}/Manifest.lock\" > /dev/null\nif [ $? != 0 ] ; then\n    # print error to STDERR\n    echo \"error: The sandbox is not in sync with the Podfile.lock. Run 'pod install' or update your CocoaPods installation.\" >&2\n    exit 1\nfi\n# This output is used by Xcode 'outputs' to avoid re-running this script phase.\necho \"SUCCESS\" > \"${SCRIPT_OUTPUT_FILE_0}\"\n";
			showEnvVarsInLog = 0;
		};
		2DAB6963A8967117F5E69F9D /* [CP] Check Pods Manifest.lock */ = {
			isa = PBXShellScriptBuildPhase;
			buildActionMask = 2147483647;
			files = (
			);
			inputFileListPaths = (
			);
			inputPaths = (
				"${PODS_PODFILE_DIR_PATH}/Podfile.lock",
				"${PODS_ROOT}/Manifest.lock",
			);
			name = "[CP] Check Pods Manifest.lock";
			outputFileListPaths = (
			);
			outputPaths = (
				"$(DERIVED_FILE_DIR)/Pods-LabTestTests-checkManifestLockResult.txt",
			);
			runOnlyForDeploymentPostprocessing = 0;
			shellPath = /bin/sh;
			shellScript = "diff \"${PODS_PODFILE_DIR_PATH}/Podfile.lock\" \"${PODS_ROOT}/Manifest.lock\" > /dev/null\nif [ $? != 0 ] ; then\n    # print error to STDERR\n    echo \"error: The sandbox is not in sync with the Podfile.lock. Run 'pod install' or update your CocoaPods installation.\" >&2\n    exit 1\nfi\n# This output is used by Xcode 'outputs' to avoid re-running this script phase.\necho \"SUCCESS\" > \"${SCRIPT_OUTPUT_FILE_0}\"\n";
			showEnvVarsInLog = 0;
		};
		6EBF83AE485505656F958FE9 /* [CP] Embed Pods Frameworks */ = {
			isa = PBXShellScriptBuildPhase;
			buildActionMask = 2147483647;
			files = (
			);
			inputFileListPaths = (
				"${PODS_ROOT}/Target Support Files/Pods-LabTestUITests/Pods-LabTestUITests-frameworks-${CONFIGURATION}-input-files.xcfilelist",
			);
			name = "[CP] Embed Pods Frameworks";
			outputFileListPaths = (
				"${PODS_ROOT}/Target Support Files/Pods-LabTestUITests/Pods-LabTestUITests-frameworks-${CONFIGURATION}-output-files.xcfilelist",
			);
			runOnlyForDeploymentPostprocessing = 0;
			shellPath = /bin/sh;
			shellScript = "\"${PODS_ROOT}/Target Support Files/Pods-LabTestUITests/Pods-LabTestUITests-frameworks.sh\"\n";
			showEnvVarsInLog = 0;
		};
		923D6F178C1902E22B025664 /* [CP] Embed Pods Frameworks */ = {
			isa = PBXShellScriptBuildPhase;
			buildActionMask = 2147483647;
			files = (
			);
			inputFileListPaths = (
				"${PODS_ROOT}/Target Support Files/Pods-LabTestTests/Pods-LabTestTests-frameworks-${CONFIGURATION}-input-files.xcfilelist",
			);
			name = "[CP] Embed Pods Frameworks";
			outputFileListPaths = (
				"${PODS_ROOT}/Target Support Files/Pods-LabTestTests/Pods-LabTestTests-frameworks-${CONFIGURATION}-output-files.xcfilelist",
			);
			runOnlyForDeploymentPostprocessing = 0;
			shellPath = /bin/sh;
			shellScript = "\"${PODS_ROOT}/Target Support Files/Pods-LabTestTests/Pods-LabTestTests-frameworks.sh\"\n";
			showEnvVarsInLog = 0;
		};
		CDF41D6A985A42A877A0FDC9 /* [CP] Check Pods Manifest.lock */ = {
			isa = PBXShellScriptBuildPhase;
			buildActionMask = 2147483647;
			files = (
			);
			inputFileListPaths = (
			);
			inputPaths = (
				"${PODS_PODFILE_DIR_PATH}/Podfile.lock",
				"${PODS_ROOT}/Manifest.lock",
			);
			name = "[CP] Check Pods Manifest.lock";
			outputFileListPaths = (
			);
			outputPaths = (
				"$(DERIVED_FILE_DIR)/Pods-LabTestUITests-checkManifestLockResult.txt",
			);
			runOnlyForDeploymentPostprocessing = 0;
			shellPath = /bin/sh;
			shellScript = "diff \"${PODS_PODFILE_DIR_PATH}/Podfile.lock\" \"${PODS_ROOT}/Manifest.lock\" > /dev/null\nif [ $? != 0 ] ; then\n    # print error to STDERR\n    echo \"error: The sandbox is not in sync with the Podfile.lock. Run 'pod install' or update your CocoaPods installation.\" >&2\n    exit 1\nfi\n# This output is used by Xcode 'outputs' to avoid re-running this script phase.\necho \"SUCCESS\" > \"${SCRIPT_OUTPUT_FILE_0}\"\n";
			showEnvVarsInLog = 0;
		};
		F7F1E113D3D203E76BAA3C8F /* [CP] Embed Pods Frameworks */ = {
			isa = PBXShellScriptBuildPhase;
			buildActionMask = 2147483647;
			files = (
			);
			inputFileListPaths = (
				"${PODS_ROOT}/Target Support Files/Pods-LabTest/Pods-LabTest-frameworks-${CONFIGURATION}-input-files.xcfilelist",
			);
			name = "[CP] Embed Pods Frameworks";
			outputFileListPaths = (
				"${PODS_ROOT}/Target Support Files/Pods-LabTest/Pods-LabTest-frameworks-${CONFIGURATION}-output-files.xcfilelist",
			);
			runOnlyForDeploymentPostprocessing = 0;
			shellPath = /bin/sh;
			shellScript = "\"${PODS_ROOT}/Target Support Files/Pods-LabTest/Pods-LabTest-frameworks.sh\"\n";
			showEnvVarsInLog = 0;
		};
/* End PBXShellScriptBuildPhase section */

/* Begin PBXSourcesBuildPhase section */
		A7E1200127E719D700F050A9 /* Sources */ = {
			isa = PBXSourcesBuildPhase;
			buildActionMask = 2147483647;
			files = (
				F6F8F18828760083009E09BB /* UICollectionViewCell+Extension.swift in Sources */,
				A7E1208227E73DE000F050A9 /* ImageLoadingHelper.swift in Sources */,
				F695D2E12875298E004D314B /* PostCell.swift in Sources */,
				A7E1207527E72C0500F050A9 /* String+Extension.swift in Sources */,
				A7E1200D27E719D700F050A9 /* ViewController.swift in Sources */,
				F695D2DE287464F3004D314B /* UserStorage.swift in Sources */,
				A7E1204F27E7201A00F050A9 /* LoadingManager.swift in Sources */,
				A7E1207827E72DE100F050A9 /* PostListResponse.swift in Sources */,
				A7E1205027E7201A00F050A9 /* MsgManager.swift in Sources */,
				A7E1204727E71D5500F050A9 /* BaseViewModel.swift in Sources */,
				A7E1205727E7204F00F050A9 /* LoadingView.swift in Sources */,
				A7E1208827E7427100F050A9 /* ImagePopUpView.swift in Sources */,
				A7E1206727E7244100F050A9 /* APIService.swift in Sources */,
				A7E1206827E7244100F050A9 /* APIServiceError.swift in Sources */,
				A7E1206127E722BE00F050A9 /* PostListVC.swift in Sources */,
				A7E1204A27E71D5500F050A9 /* ApiLoading.swift in Sources */,
				F695D2E428752A89004D314B /* UIView+Extension.swift in Sources */,
				A7E1206627E7244100F050A9 /* APIServiceModel.swift in Sources */,
				A7E1207E27E72FDC00F050A9 /* BaseResponse.swift in Sources */,
				A7E1208027E739F100F050A9 /* Constant.swift in Sources */,
				A7E1207B27E72FAB00F050A9 /* PostListRequest.swift in Sources */,
				A7E1206B27E7297400F050A9 /* PostVM.swift in Sources */,
				A7E1205627E7204F00F050A9 /* MsgView.swift in Sources */,
				A7E1204827E71D5500F050A9 /* BaseNavigationController.swift in Sources */,
				A7E1204627E71D5500F050A9 /* BaseViewController.swift in Sources */,
				A7E1200927E719D700F050A9 /* AppDelegate.swift in Sources */,
				A7E1200B27E719D700F050A9 /* SceneDelegate.swift in Sources */,
			);
			runOnlyForDeploymentPostprocessing = 0;
		};
		A7E1201727E719DB00F050A9 /* Sources */ = {
			isa = PBXSourcesBuildPhase;
			buildActionMask = 2147483647;
			files = (
				A7E1202027E719DB00F050A9 /* LabTestTests.swift in Sources */,
			);
			runOnlyForDeploymentPostprocessing = 0;
		};
		A7E1202127E719DB00F050A9 /* Sources */ = {
			isa = PBXSourcesBuildPhase;
			buildActionMask = 2147483647;
			files = (
				A7E1202C27E719DB00F050A9 /* LabTestUITestsLaunchTests.swift in Sources */,
				A7E1202A27E719DB00F050A9 /* LabTestUITests.swift in Sources */,
			);
			runOnlyForDeploymentPostprocessing = 0;
		};
/* End PBXSourcesBuildPhase section */

/* Begin PBXTargetDependency section */
		A7E1201D27E719DB00F050A9 /* PBXTargetDependency */ = {
			isa = PBXTargetDependency;
			target = A7E1200427E719D700F050A9 /* LabTest */;
			targetProxy = A7E1201C27E719DB00F050A9 /* PBXContainerItemProxy */;
		};
		A7E1202727E719DB00F050A9 /* PBXTargetDependency */ = {
			isa = PBXTargetDependency;
			target = A7E1200427E719D700F050A9 /* LabTest */;
			targetProxy = A7E1202627E719DB00F050A9 /* PBXContainerItemProxy */;
		};
/* End PBXTargetDependency section */

/* Begin PBXVariantGroup section */
		A7E1200E27E719D700F050A9 /* Main.storyboard */ = {
			isa = PBXVariantGroup;
			children = (
				A7E1200F27E719D700F050A9 /* Base */,
			);
			name = Main.storyboard;
			sourceTree = "<group>";
		};
		A7E1201327E719DA00F050A9 /* LaunchScreen.storyboard */ = {
			isa = PBXVariantGroup;
			children = (
				A7E1201427E719DA00F050A9 /* Base */,
			);
			name = LaunchScreen.storyboard;
			sourceTree = "<group>";
		};
/* End PBXVariantGroup section */

/* Begin XCBuildConfiguration section */
		A7E1202D27E719DB00F050A9 /* Debug */ = {
			isa = XCBuildConfiguration;
			buildSettings = {
				ALWAYS_SEARCH_USER_PATHS = NO;
				CLANG_ANALYZER_NONNULL = YES;
				CLANG_ANALYZER_NUMBER_OBJECT_CONVERSION = YES_AGGRESSIVE;
				CLANG_CXX_LANGUAGE_STANDARD = "gnu++17";
				CLANG_CXX_LIBRARY = "libc++";
				CLANG_ENABLE_MODULES = YES;
				CLANG_ENABLE_OBJC_ARC = YES;
				CLANG_ENABLE_OBJC_WEAK = YES;
				CLANG_WARN_BLOCK_CAPTURE_AUTORELEASING = YES;
				CLANG_WARN_BOOL_CONVERSION = YES;
				CLANG_WARN_COMMA = YES;
				CLANG_WARN_CONSTANT_CONVERSION = YES;
				CLANG_WARN_DEPRECATED_OBJC_IMPLEMENTATIONS = YES;
				CLANG_WARN_DIRECT_OBJC_ISA_USAGE = YES_ERROR;
				CLANG_WARN_DOCUMENTATION_COMMENTS = YES;
				CLANG_WARN_EMPTY_BODY = YES;
				CLANG_WARN_ENUM_CONVERSION = YES;
				CLANG_WARN_INFINITE_RECURSION = YES;
				CLANG_WARN_INT_CONVERSION = YES;
				CLANG_WARN_NON_LITERAL_NULL_CONVERSION = YES;
				CLANG_WARN_OBJC_IMPLICIT_RETAIN_SELF = YES;
				CLANG_WARN_OBJC_LITERAL_CONVERSION = YES;
				CLANG_WARN_OBJC_ROOT_CLASS = YES_ERROR;
				CLANG_WARN_QUOTED_INCLUDE_IN_FRAMEWORK_HEADER = YES;
				CLANG_WARN_RANGE_LOOP_ANALYSIS = YES;
				CLANG_WARN_STRICT_PROTOTYPES = YES;
				CLANG_WARN_SUSPICIOUS_MOVE = YES;
				CLANG_WARN_UNGUARDED_AVAILABILITY = YES_AGGRESSIVE;
				CLANG_WARN_UNREACHABLE_CODE = YES;
				CLANG_WARN__DUPLICATE_METHOD_MATCH = YES;
				COPY_PHASE_STRIP = NO;
				DEBUG_INFORMATION_FORMAT = dwarf;
				ENABLE_STRICT_OBJC_MSGSEND = YES;
				ENABLE_TESTABILITY = YES;
				GCC_C_LANGUAGE_STANDARD = gnu11;
				GCC_DYNAMIC_NO_PIC = NO;
				GCC_NO_COMMON_BLOCKS = YES;
				GCC_OPTIMIZATION_LEVEL = 0;
				GCC_PREPROCESSOR_DEFINITIONS = (
					"DEBUG=1",
					"$(inherited)",
				);
				GCC_WARN_64_TO_32_BIT_CONVERSION = YES;
				GCC_WARN_ABOUT_RETURN_TYPE = YES_ERROR;
				GCC_WARN_UNDECLARED_SELECTOR = YES;
				GCC_WARN_UNINITIALIZED_AUTOS = YES_AGGRESSIVE;
				GCC_WARN_UNUSED_FUNCTION = YES;
				GCC_WARN_UNUSED_VARIABLE = YES;
				IPHONEOS_DEPLOYMENT_TARGET = 15.0;
				MTL_ENABLE_DEBUG_INFO = INCLUDE_SOURCE;
				MTL_FAST_MATH = YES;
				ONLY_ACTIVE_ARCH = YES;
				SDKROOT = iphoneos;
				SWIFT_ACTIVE_COMPILATION_CONDITIONS = DEBUG;
				SWIFT_OPTIMIZATION_LEVEL = "-Onone";
			};
			name = Debug;
		};
		A7E1202E27E719DB00F050A9 /* Release */ = {
			isa = XCBuildConfiguration;
			buildSettings = {
				ALWAYS_SEARCH_USER_PATHS = NO;
				CLANG_ANALYZER_NONNULL = YES;
				CLANG_ANALYZER_NUMBER_OBJECT_CONVERSION = YES_AGGRESSIVE;
				CLANG_CXX_LANGUAGE_STANDARD = "gnu++17";
				CLANG_CXX_LIBRARY = "libc++";
				CLANG_ENABLE_MODULES = YES;
				CLANG_ENABLE_OBJC_ARC = YES;
				CLANG_ENABLE_OBJC_WEAK = YES;
				CLANG_WARN_BLOCK_CAPTURE_AUTORELEASING = YES;
				CLANG_WARN_BOOL_CONVERSION = YES;
				CLANG_WARN_COMMA = YES;
				CLANG_WARN_CONSTANT_CONVERSION = YES;
				CLANG_WARN_DEPRECATED_OBJC_IMPLEMENTATIONS = YES;
				CLANG_WARN_DIRECT_OBJC_ISA_USAGE = YES_ERROR;
				CLANG_WARN_DOCUMENTATION_COMMENTS = YES;
				CLANG_WARN_EMPTY_BODY = YES;
				CLANG_WARN_ENUM_CONVERSION = YES;
				CLANG_WARN_INFINITE_RECURSION = YES;
				CLANG_WARN_INT_CONVERSION = YES;
				CLANG_WARN_NON_LITERAL_NULL_CONVERSION = YES;
				CLANG_WARN_OBJC_IMPLICIT_RETAIN_SELF = YES;
				CLANG_WARN_OBJC_LITERAL_CONVERSION = YES;
				CLANG_WARN_OBJC_ROOT_CLASS = YES_ERROR;
				CLANG_WARN_QUOTED_INCLUDE_IN_FRAMEWORK_HEADER = YES;
				CLANG_WARN_RANGE_LOOP_ANALYSIS = YES;
				CLANG_WARN_STRICT_PROTOTYPES = YES;
				CLANG_WARN_SUSPICIOUS_MOVE = YES;
				CLANG_WARN_UNGUARDED_AVAILABILITY = YES_AGGRESSIVE;
				CLANG_WARN_UNREACHABLE_CODE = YES;
				CLANG_WARN__DUPLICATE_METHOD_MATCH = YES;
				COPY_PHASE_STRIP = NO;
				DEBUG_INFORMATION_FORMAT = "dwarf-with-dsym";
				ENABLE_NS_ASSERTIONS = NO;
				ENABLE_STRICT_OBJC_MSGSEND = YES;
				GCC_C_LANGUAGE_STANDARD = gnu11;
				GCC_NO_COMMON_BLOCKS = YES;
				GCC_WARN_64_TO_32_BIT_CONVERSION = YES;
				GCC_WARN_ABOUT_RETURN_TYPE = YES_ERROR;
				GCC_WARN_UNDECLARED_SELECTOR = YES;
				GCC_WARN_UNINITIALIZED_AUTOS = YES_AGGRESSIVE;
				GCC_WARN_UNUSED_FUNCTION = YES;
				GCC_WARN_UNUSED_VARIABLE = YES;
				IPHONEOS_DEPLOYMENT_TARGET = 15.0;
				MTL_ENABLE_DEBUG_INFO = NO;
				MTL_FAST_MATH = YES;
				SDKROOT = iphoneos;
				SWIFT_COMPILATION_MODE = wholemodule;
				SWIFT_OPTIMIZATION_LEVEL = "-O";
				VALIDATE_PRODUCT = YES;
			};
			name = Release;
		};
		A7E1203027E719DB00F050A9 /* Debug */ = {
			isa = XCBuildConfiguration;
			baseConfigurationReference = 92CCDDA5E03A97657D44F3A4 /* Pods-LabTest.debug.xcconfig */;
			buildSettings = {
				ASSETCATALOG_COMPILER_APPICON_NAME = AppIcon;
				ASSETCATALOG_COMPILER_GLOBAL_ACCENT_COLOR_NAME = AccentColor;
				CODE_SIGN_STYLE = Automatic;
				CURRENT_PROJECT_VERSION = 1;
				DEVELOPMENT_TEAM = 8JXG4KP6BM;
				GENERATE_INFOPLIST_FILE = YES;
				INFOPLIST_FILE = LabTest/Info.plist;
				INFOPLIST_KEY_UIApplicationSupportsIndirectInputEvents = YES;
				INFOPLIST_KEY_UILaunchStoryboardName = LaunchScreen;
				INFOPLIST_KEY_UIMainStoryboardFile = Main;
				INFOPLIST_KEY_UISupportedInterfaceOrientations_iPad = "UIInterfaceOrientationPortrait UIInterfaceOrientationPortraitUpsideDown UIInterfaceOrientationLandscapeLeft UIInterfaceOrientationLandscapeRight";
				INFOPLIST_KEY_UISupportedInterfaceOrientations_iPhone = "UIInterfaceOrientationPortrait UIInterfaceOrientationLandscapeLeft UIInterfaceOrientationLandscapeRight";
				LD_RUNPATH_SEARCH_PATHS = (
					"$(inherited)",
					"@executable_path/Frameworks",
				);
				MARKETING_VERSION = 1.0;
				PRODUCT_BUNDLE_IDENTIFIER = com.LabTest;
				PRODUCT_NAME = "$(TARGET_NAME)";
				SWIFT_EMIT_LOC_STRINGS = YES;
				SWIFT_VERSION = 5.0;
				TARGETED_DEVICE_FAMILY = 1;
			};
			name = Debug;
		};
		A7E1203127E719DB00F050A9 /* Release */ = {
			isa = XCBuildConfiguration;
			baseConfigurationReference = 3524E9A7C242FF5540D3C35A /* Pods-LabTest.release.xcconfig */;
			buildSettings = {
				ASSETCATALOG_COMPILER_APPICON_NAME = AppIcon;
				ASSETCATALOG_COMPILER_GLOBAL_ACCENT_COLOR_NAME = AccentColor;
				CODE_SIGN_STYLE = Automatic;
				CURRENT_PROJECT_VERSION = 1;
				DEVELOPMENT_TEAM = 8JXG4KP6BM;
				GENERATE_INFOPLIST_FILE = YES;
				INFOPLIST_FILE = LabTest/Info.plist;
				INFOPLIST_KEY_UIApplicationSupportsIndirectInputEvents = YES;
				INFOPLIST_KEY_UILaunchStoryboardName = LaunchScreen;
				INFOPLIST_KEY_UIMainStoryboardFile = Main;
				INFOPLIST_KEY_UISupportedInterfaceOrientations_iPad = "UIInterfaceOrientationPortrait UIInterfaceOrientationPortraitUpsideDown UIInterfaceOrientationLandscapeLeft UIInterfaceOrientationLandscapeRight";
				INFOPLIST_KEY_UISupportedInterfaceOrientations_iPhone = "UIInterfaceOrientationPortrait UIInterfaceOrientationLandscapeLeft UIInterfaceOrientationLandscapeRight";
				LD_RUNPATH_SEARCH_PATHS = (
					"$(inherited)",
					"@executable_path/Frameworks",
				);
				MARKETING_VERSION = 1.0;
				PRODUCT_BUNDLE_IDENTIFIER = com.LabTest;
				PRODUCT_NAME = "$(TARGET_NAME)";
				SWIFT_EMIT_LOC_STRINGS = YES;
				SWIFT_VERSION = 5.0;
				TARGETED_DEVICE_FAMILY = 1;
			};
			name = Release;
		};
		A7E1203327E719DB00F050A9 /* Debug */ = {
			isa = XCBuildConfiguration;
			baseConfigurationReference = 97D8D9D216E6FE1372A93D3B /* Pods-LabTestTests.debug.xcconfig */;
			buildSettings = {
				ALWAYS_EMBED_SWIFT_STANDARD_LIBRARIES = YES;
				BUNDLE_LOADER = "$(TEST_HOST)";
				CODE_SIGN_STYLE = Automatic;
				CURRENT_PROJECT_VERSION = 1;
				DEVELOPMENT_TEAM = 8JXG4KP6BM;
				GENERATE_INFOPLIST_FILE = YES;
				IPHONEOS_DEPLOYMENT_TARGET = 15.0;
				LD_RUNPATH_SEARCH_PATHS = (
					"$(inherited)",
					"@executable_path/Frameworks",
					"@loader_path/Frameworks",
				);
				MARKETING_VERSION = 1.0;
				PRODUCT_BUNDLE_IDENTIFIER = com.LabTestTests;
				PRODUCT_NAME = "$(TARGET_NAME)";
				SWIFT_EMIT_LOC_STRINGS = NO;
				SWIFT_VERSION = 5.0;
				TARGETED_DEVICE_FAMILY = "1,2";
				TEST_HOST = "$(BUILT_PRODUCTS_DIR)/LabTest.app/LabTest";
			};
			name = Debug;
		};
		A7E1203427E719DB00F050A9 /* Release */ = {
			isa = XCBuildConfiguration;
			baseConfigurationReference = 7F779CC4AE4D876E63D3BE87 /* Pods-LabTestTests.release.xcconfig */;
			buildSettings = {
				ALWAYS_EMBED_SWIFT_STANDARD_LIBRARIES = YES;
				BUNDLE_LOADER = "$(TEST_HOST)";
				CODE_SIGN_STYLE = Automatic;
				CURRENT_PROJECT_VERSION = 1;
				DEVELOPMENT_TEAM = 8JXG4KP6BM;
				GENERATE_INFOPLIST_FILE = YES;
				IPHONEOS_DEPLOYMENT_TARGET = 15.0;
				LD_RUNPATH_SEARCH_PATHS = (
					"$(inherited)",
					"@executable_path/Frameworks",
					"@loader_path/Frameworks",
				);
				MARKETING_VERSION = 1.0;
				PRODUCT_BUNDLE_IDENTIFIER = com.LabTestTests;
				PRODUCT_NAME = "$(TARGET_NAME)";
				SWIFT_EMIT_LOC_STRINGS = NO;
				SWIFT_VERSION = 5.0;
				TARGETED_DEVICE_FAMILY = "1,2";
				TEST_HOST = "$(BUILT_PRODUCTS_DIR)/LabTest.app/LabTest";
			};
			name = Release;
		};
		A7E1203627E719DB00F050A9 /* Debug */ = {
			isa = XCBuildConfiguration;
			baseConfigurationReference = 156C683195ABAFC0AD7FD705 /* Pods-LabTestUITests.debug.xcconfig */;
			buildSettings = {
				ALWAYS_EMBED_SWIFT_STANDARD_LIBRARIES = YES;
				CODE_SIGN_STYLE = Automatic;
				CURRENT_PROJECT_VERSION = 1;
				DEVELOPMENT_TEAM = 8JXG4KP6BM;
				GENERATE_INFOPLIST_FILE = YES;
				LD_RUNPATH_SEARCH_PATHS = (
					"$(inherited)",
					"@executable_path/Frameworks",
					"@loader_path/Frameworks",
				);
				MARKETING_VERSION = 1.0;
				PRODUCT_BUNDLE_IDENTIFIER = com.LabTestUITests;
				PRODUCT_NAME = "$(TARGET_NAME)";
				SWIFT_EMIT_LOC_STRINGS = NO;
				SWIFT_VERSION = 5.0;
				TARGETED_DEVICE_FAMILY = "1,2";
				TEST_TARGET_NAME = LabTest;
			};
			name = Debug;
		};
		A7E1203727E719DB00F050A9 /* Release */ = {
			isa = XCBuildConfiguration;
			baseConfigurationReference = 3EFBEBC2E8C7A3D7A6F3A018 /* Pods-LabTestUITests.release.xcconfig */;
			buildSettings = {
				ALWAYS_EMBED_SWIFT_STANDARD_LIBRARIES = YES;
				CODE_SIGN_STYLE = Automatic;
				CURRENT_PROJECT_VERSION = 1;
				DEVELOPMENT_TEAM = 8JXG4KP6BM;
				GENERATE_INFOPLIST_FILE = YES;
				LD_RUNPATH_SEARCH_PATHS = (
					"$(inherited)",
					"@executable_path/Frameworks",
					"@loader_path/Frameworks",
				);
				MARKETING_VERSION = 1.0;
				PRODUCT_BUNDLE_IDENTIFIER = com.LabTestUITests;
				PRODUCT_NAME = "$(TARGET_NAME)";
				SWIFT_EMIT_LOC_STRINGS = NO;
				SWIFT_VERSION = 5.0;
				TARGETED_DEVICE_FAMILY = "1,2";
				TEST_TARGET_NAME = LabTest;
			};
			name = Release;
		};
/* End XCBuildConfiguration section */

/* Begin XCConfigurationList section */
		A7E1200027E719D700F050A9 /* Build configuration list for PBXProject "LabTest" */ = {
			isa = XCConfigurationList;
			buildConfigurations = (
				A7E1202D27E719DB00F050A9 /* Debug */,
				A7E1202E27E719DB00F050A9 /* Release */,
			);
			defaultConfigurationIsVisible = 0;
			defaultConfigurationName = Release;
		};
		A7E1202F27E719DB00F050A9 /* Build configuration list for PBXNativeTarget "LabTest" */ = {
			isa = XCConfigurationList;
			buildConfigurations = (
				A7E1203027E719DB00F050A9 /* Debug */,
				A7E1203127E719DB00F050A9 /* Release */,
			);
			defaultConfigurationIsVisible = 0;
			defaultConfigurationName = Release;
		};
		A7E1203227E719DB00F050A9 /* Build configuration list for PBXNativeTarget "LabTestTests" */ = {
			isa = XCConfigurationList;
			buildConfigurations = (
				A7E1203327E719DB00F050A9 /* Debug */,
				A7E1203427E719DB00F050A9 /* Release */,
			);
			defaultConfigurationIsVisible = 0;
			defaultConfigurationName = Release;
		};
		A7E1203527E719DB00F050A9 /* Build configuration list for PBXNativeTarget "LabTestUITests" */ = {
			isa = XCConfigurationList;
			buildConfigurations = (
				A7E1203627E719DB00F050A9 /* Debug */,
				A7E1203727E719DB00F050A9 /* Release */,
			);
			defaultConfigurationIsVisible = 0;
			defaultConfigurationName = Release;
		};
/* End XCConfigurationList section */
	};
	rootObject = A7E11FFD27E719D700F050A9 /* Project object */;
}
